// !$*UTF8*$!
{
	archiveVersion = 1;
	classes = {
	};
	objectVersion = 56;
	objects = {

/* Begin PBXBuildFile section */
		C8C74EDF2BDC40B50018822E /* cashdine1App.swift in Sources */ = {isa = PBXBuildFile; fileRef = C8C74EDE2BDC40B50018822E /* cashdine1App.swift */; };
		C8C74EE12BDC40B50018822E /* ContentView.swift in Sources */ = {isa = PBXBuildFile; fileRef = C8C74EE02BDC40B50018822E /* ContentView.swift */; };
		C8C74EE32BDC40B60018822E /* Assets.xcassets in Resources */ = {isa = PBXBuildFile; fileRef = C8C74EE22BDC40B60018822E /* Assets.xcassets */; };
		C8C74EE72BDC40B60018822E /* Preview Assets.xcassets in Resources */ = {isa = PBXBuildFile; fileRef = C8C74EE62BDC40B60018822E /* Preview Assets.xcassets */; };
		C8C74EF12BDC40B60018822E /* cashdine1Tests.swift in Sources */ = {isa = PBXBuildFile; fileRef = C8C74EF02BDC40B60018822E /* cashdine1Tests.swift */; };
		C8C74EFB2BDC40B60018822E /* cashdine1UITests.swift in Sources */ = {isa = PBXBuildFile; fileRef = C8C74EFA2BDC40B60018822E /* cashdine1UITests.swift */; };
		C8C74EFD2BDC40B60018822E /* cashdine1UITestsLaunchTests.swift in Sources */ = {isa = PBXBuildFile; fileRef = C8C74EFC2BDC40B60018822E /* cashdine1UITestsLaunchTests.swift */; };
/* End PBXBuildFile section */

/* Begin PBXContainerItemProxy section */
		C8C74EED2BDC40B60018822E /* PBXContainerItemProxy */ = {
			isa = PBXContainerItemProxy;
			containerPortal = C8C74ED32BDC40B50018822E /* Project object */;
			proxyType = 1;
			remoteGlobalIDString = C8C74EDA2BDC40B50018822E;
			remoteInfo = cashdine1;
		};
		C8C74EF72BDC40B60018822E /* PBXContainerItemProxy */ = {
			isa = PBXContainerItemProxy;
			containerPortal = C8C74ED32BDC40B50018822E /* Project object */;
			proxyType = 1;
			remoteGlobalIDString = C8C74EDA2BDC40B50018822E;
			remoteInfo = cashdine1;
		};
/* End PBXContainerItemProxy section */

/* Begin PBXFileReference section */
		C8C74EDB2BDC40B50018822E /* cashdine1.app */ = {isa = PBXFileReference; explicitFileType = wrapper.application; includeInIndex = 0; path = cashdine1.app; sourceTree = BUILT_PRODUCTS_DIR; };
		C8C74EDE2BDC40B50018822E /* cashdine1App.swift */ = {isa = PBXFileReference; lastKnownFileType = sourcecode.swift; path = cashdine1App.swift; sourceTree = "<group>"; };
		C8C74EE02BDC40B50018822E /* ContentView.swift */ = {isa = PBXFileReference; lastKnownFileType = sourcecode.swift; path = ContentView.swift; sourceTree = "<group>"; };
		C8C74EE22BDC40B60018822E /* Assets.xcassets */ = {isa = PBXFileReference; lastKnownFileType = folder.assetcatalog; path = Assets.xcassets; sourceTree = "<group>"; };
		C8C74EE42BDC40B60018822E /* cashdine1.entitlements */ = {isa = PBXFileReference; lastKnownFileType = text.plist.entitlements; path = cashdine1.entitlements; sourceTree = "<group>"; };
		C8C74EE62BDC40B60018822E /* Preview Assets.xcassets */ = {isa = PBXFileReference; lastKnownFileType = folder.assetcatalog; path = "Preview Assets.xcassets"; sourceTree = "<group>"; };
		C8C74EEC2BDC40B60018822E /* cashdine1Tests.xctest */ = {isa = PBXFileReference; explicitFileType = wrapper.cfbundle; includeInIndex = 0; path = cashdine1Tests.xctest; sourceTree = BUILT_PRODUCTS_DIR; };
		C8C74EF02BDC40B60018822E /* cashdine1Tests.swift */ = {isa = PBXFileReference; lastKnownFileType = sourcecode.swift; path = cashdine1Tests.swift; sourceTree = "<group>"; };
		C8C74EF62BDC40B60018822E /* cashdine1UITests.xctest */ = {isa = PBXFileReference; explicitFileType = wrapper.cfbundle; includeInIndex = 0; path = cashdine1UITests.xctest; sourceTree = BUILT_PRODUCTS_DIR; };
		C8C74EFA2BDC40B60018822E /* cashdine1UITests.swift */ = {isa = PBXFileReference; lastKnownFileType = sourcecode.swift; path = cashdine1UITests.swift; sourceTree = "<group>"; };
		C8C74EFC2BDC40B60018822E /* cashdine1UITestsLaunchTests.swift */ = {isa = PBXFileReference; lastKnownFileType = sourcecode.swift; path = cashdine1UITestsLaunchTests.swift; sourceTree = "<group>"; };
/* End PBXFileReference section */

/* Begin PBXFrameworksBuildPhase section */
		C8C74ED82BDC40B50018822E /* Frameworks */ = {
			isa = PBXFrameworksBuildPhase;
			buildActionMask = 2147483647;
			files = (
			);
			runOnlyForDeploymentPostprocessing = 0;
		};
		C8C74EE92BDC40B60018822E /* Frameworks */ = {
			isa = PBXFrameworksBuildPhase;
			buildActionMask = 2147483647;
			files = (
			);
			runOnlyForDeploymentPostprocessing = 0;
		};
		C8C74EF32BDC40B60018822E /* Frameworks */ = {
			isa = PBXFrameworksBuildPhase;
			buildActionMask = 2147483647;
			files = (
			);
			runOnlyForDeploymentPostprocessing = 0;
		};
/* End PBXFrameworksBuildPhase section */

/* Begin PBXGroup section */
		C8C74ED22BDC40B40018822E = {
			isa = PBXGroup;
			children = (
				C8C74EDD2BDC40B50018822E /* cashdine1 */,
				C8C74EEF2BDC40B60018822E /* cashdine1Tests */,
				C8C74EF92BDC40B60018822E /* cashdine1UITests */,
				C8C74EDC2BDC40B50018822E /* Products */,
			);
			sourceTree = "<group>";
		};
		C8C74EDC2BDC40B50018822E /* Products */ = {
			isa = PBXGroup;
			children = (
				C8C74EDB2BDC40B50018822E /* cashdine1.app */,
				C8C74EEC2BDC40B60018822E /* cashdine1Tests.xctest */,
				C8C74EF62BDC40B60018822E /* cashdine1UITests.xctest */,
			);
			name = Products;
			sourceTree = "<group>";
		};
		C8C74EDD2BDC40B50018822E /* cashdine1 */ = {
			isa = PBXGroup;
			children = (
				C8C74EDE2BDC40B50018822E /* cashdine1App.swift */,
				C8C74EE02BDC40B50018822E /* ContentView.swift */,
				C8C74EE22BDC40B60018822E /* Assets.xcassets */,
				C8C74EE42BDC40B60018822E /* cashdine1.entitlements */,
				C8C74EE52BDC40B60018822E /* Preview Content */,
			);
			path = cashdine1;
			sourceTree = "<group>";
		};
		C8C74EE52BDC40B60018822E /* Preview Content */ = {
			isa = PBXGroup;
			children = (
				C8C74EE62BDC40B60018822E /* Preview Assets.xcassets */,
			);
			path = "Preview Content";
			sourceTree = "<group>";
		};
		C8C74EEF2BDC40B60018822E /* cashdine1Tests */ = {
			isa = PBXGroup;
			children = (
				C8C74EF02BDC40B60018822E /* cashdine1Tests.swift */,
			);
			path = cashdine1Tests;
			sourceTree = "<group>";
		};
		C8C74EF92BDC40B60018822E /* cashdine1UITests */ = {
			isa = PBXGroup;
			children = (
				C8C74EFA2BDC40B60018822E /* cashdine1UITests.swift */,
				C8C74EFC2BDC40B60018822E /* cashdine1UITestsLaunchTests.swift */,
			);
			path = cashdine1UITests;
			sourceTree = "<group>";
		};
/* End PBXGroup section */

/* Begin PBXNativeTarget section */
		C8C74EDA2BDC40B50018822E /* cashdine1 */ = {
			isa = PBXNativeTarget;
			buildConfigurationList = C8C74F002BDC40B60018822E /* Build configuration list for PBXNativeTarget "cashdine1" */;
			buildPhases = (
				C8C74ED72BDC40B50018822E /* Sources */,
				C8C74ED82BDC40B50018822E /* Frameworks */,
				C8C74ED92BDC40B50018822E /* Resources */,
			);
			buildRules = (
			);
			dependencies = (
			);
			name = cashdine1;
			productName = cashdine1;
			productReference = C8C74EDB2BDC40B50018822E /* cashdine1.app */;
			productType = "com.apple.product-type.application";
		};
		C8C74EEB2BDC40B60018822E /* cashdine1Tests */ = {
			isa = PBXNativeTarget;
			buildConfigurationList = C8C74F032BDC40B60018822E /* Build configuration list for PBXNativeTarget "cashdine1Tests" */;
			buildPhases = (
				C8C74EE82BDC40B60018822E /* Sources */,
				C8C74EE92BDC40B60018822E /* Frameworks */,
				C8C74EEA2BDC40B60018822E /* Resources */,
			);
			buildRules = (
			);
			dependencies = (
				C8C74EEE2BDC40B60018822E /* PBXTargetDependency */,
			);
			name = cashdine1Tests;
			productName = cashdine1Tests;
			productReference = C8C74EEC2BDC40B60018822E /* cashdine1Tests.xctest */;
			productType = "com.apple.product-type.bundle.unit-test";
		};
		C8C74EF52BDC40B60018822E /* cashdine1UITests */ = {
			isa = PBXNativeTarget;
			buildConfigurationList = C8C74F062BDC40B60018822E /* Build configuration list for PBXNativeTarget "cashdine1UITests" */;
			buildPhases = (
				C8C74EF22BDC40B60018822E /* Sources */,
				C8C74EF32BDC40B60018822E /* Frameworks */,
				C8C74EF42BDC40B60018822E /* Resources */,
			);
			buildRules = (
			);
			dependencies = (
				C8C74EF82BDC40B60018822E /* PBXTargetDependency */,
			);
			name = cashdine1UITests;
			productName = cashdine1UITests;
			productReference = C8C74EF62BDC40B60018822E /* cashdine1UITests.xctest */;
			productType = "com.apple.product-type.bundle.ui-testing";
		};
/* End PBXNativeTarget section */

/* Begin PBXProject section */
		C8C74ED32BDC40B50018822E /* Project object */ = {
			isa = PBXProject;
			attributes = {
				BuildIndependentTargetsInParallel = 1;
				LastSwiftUpdateCheck = 1530;
				LastUpgradeCheck = 1530;
				TargetAttributes = {
					C8C74EDA2BDC40B50018822E = {
						CreatedOnToolsVersion = 15.3;
					};
					C8C74EEB2BDC40B60018822E = {
						CreatedOnToolsVersion = 15.3;
						TestTargetID = C8C74EDA2BDC40B50018822E;
					};
					C8C74EF52BDC40B60018822E = {
						CreatedOnToolsVersion = 15.3;
						TestTargetID = C8C74EDA2BDC40B50018822E;
					};
				};
			};
			buildConfigurationList = C8C74ED62BDC40B50018822E /* Build configuration list for PBXProject "cashdine1" */;
			compatibilityVersion = "Xcode 14.0";
			developmentRegion = en;
			hasScannedForEncodings = 0;
			knownRegions = (
				en,
				Base,
			);
			mainGroup = C8C74ED22BDC40B40018822E;
			productRefGroup = C8C74EDC2BDC40B50018822E /* Products */;
			projectDirPath = "";
			projectRoot = "";
			targets = (
				C8C74EDA2BDC40B50018822E /* cashdine1 */,
				C8C74EEB2BDC40B60018822E /* cashdine1Tests */,
				C8C74EF52BDC40B60018822E /* cashdine1UITests */,
			);
		};
/* End PBXProject section */

/* Begin PBXResourcesBuildPhase section */
		C8C74ED92BDC40B50018822E /* Resources */ = {
			isa = PBXResourcesBuildPhase;
			buildActionMask = 2147483647;
			files = (
				C8C74EE72BDC40B60018822E /* Preview Assets.xcassets in Resources */,
				C8C74EE32BDC40B60018822E /* Assets.xcassets in Resources */,
			);
			runOnlyForDeploymentPostprocessing = 0;
		};
		C8C74EEA2BDC40B60018822E /* Resources */ = {
			isa = PBXResourcesBuildPhase;
			buildActionMask = 2147483647;
			files = (
			);
			runOnlyForDeploymentPostprocessing = 0;
		};
		C8C74EF42BDC40B60018822E /* Resources */ = {
			isa = PBXResourcesBuildPhase;
			buildActionMask = 2147483647;
			files = (
			);
			runOnlyForDeploymentPostprocessing = 0;
		};
/* End PBXResourcesBuildPhase section */

/* Begin PBXSourcesBuildPhase section */
		C8C74ED72BDC40B50018822E /* Sources */ = {
			isa = PBXSourcesBuildPhase;
			buildActionMask = 2147483647;
			files = (
				C8C74EE12BDC40B50018822E /* ContentView.swift in Sources */,
				C8C74EDF2BDC40B50018822E /* cashdine1App.swift in Sources */,
			);
			runOnlyForDeploymentPostprocessing = 0;
		};
		C8C74EE82BDC40B60018822E /* Sources */ = {
			isa = PBXSourcesBuildPhase;
			buildActionMask = 2147483647;
			files = (
				C8C74EF12BDC40B60018822E /* cashdine1Tests.swift in Sources */,
			);
			runOnlyForDeploymentPostprocessing = 0;
		};
		C8C74EF22BDC40B60018822E /* Sources */ = {
			isa = PBXSourcesBuildPhase;
			buildActionMask = 2147483647;
			files = (
				C8C74EFB2BDC40B60018822E /* cashdine1UITests.swift in Sources */,
				C8C74EFD2BDC40B60018822E /* cashdine1UITestsLaunchTests.swift in Sources */,
			);
			runOnlyForDeploymentPostprocessing = 0;
		};
/* End PBXSourcesBuildPhase section */

/* Begin PBXTargetDependency section */
		C8C74EEE2BDC40B60018822E /* PBXTargetDependency */ = {
			isa = PBXTargetDependency;
			target = C8C74EDA2BDC40B50018822E /* cashdine1 */;
			targetProxy = C8C74EED2BDC40B60018822E /* PBXContainerItemProxy */;
		};
		C8C74EF82BDC40B60018822E /* PBXTargetDependency */ = {
			isa = PBXTargetDependency;
			target = C8C74EDA2BDC40B50018822E /* cashdine1 */;
			targetProxy = C8C74EF72BDC40B60018822E /* PBXContainerItemProxy */;
		};
/* End PBXTargetDependency section */

/* Begin XCBuildConfiguration section */
		C8C74EFE2BDC40B60018822E /* Debug */ = {
			isa = XCBuildConfiguration;
			buildSettings = {
				ALWAYS_SEARCH_USER_PATHS = NO;
				ASSETCATALOG_COMPILER_GENERATE_SWIFT_ASSET_SYMBOL_EXTENSIONS = YES;
				CLANG_ANALYZER_NONNULL = YES;
				CLANG_ANALYZER_NUMBER_OBJECT_CONVERSION = YES_AGGRESSIVE;
				CLANG_CXX_LANGUAGE_STANDARD = "gnu++20";
				CLANG_ENABLE_MODULES = YES;
				CLANG_ENABLE_OBJC_ARC = YES;
				CLANG_ENABLE_OBJC_WEAK = YES;
				CLANG_WARN_BLOCK_CAPTURE_AUTORELEASING = YES;
				CLANG_WARN_BOOL_CONVERSION = YES;
				CLANG_WARN_COMMA = YES;
				CLANG_WARN_CONSTANT_CONVERSION = YES;
				CLANG_WARN_DEPRECATED_OBJC_IMPLEMENTATIONS = YES;
				CLANG_WARN_DIRECT_OBJC_ISA_USAGE = YES_ERROR;
				CLANG_WARN_DOCUMENTATION_COMMENTS = YES;
				CLANG_WARN_EMPTY_BODY = YES;
				CLANG_WARN_ENUM_CONVERSION = YES;
				CLANG_WARN_INFINITE_RECURSION = YES;
				CLANG_WARN_INT_CONVERSION = YES;
				CLANG_WARN_NON_LITERAL_NULL_CONVERSION = YES;
				CLANG_WARN_OBJC_IMPLICIT_RETAIN_SELF = YES;
				CLANG_WARN_OBJC_LITERAL_CONVERSION = YES;
				CLANG_WARN_OBJC_ROOT_CLASS = YES_ERROR;
				CLANG_WARN_QUOTED_INCLUDE_IN_FRAMEWORK_HEADER = YES;
				CLANG_WARN_RANGE_LOOP_ANALYSIS = YES;
				CLANG_WARN_STRICT_PROTOTYPES = YES;
				CLANG_WARN_SUSPICIOUS_MOVE = YES;
				CLANG_WARN_UNGUARDED_AVAILABILITY = YES_AGGRESSIVE;
				CLANG_WARN_UNREACHABLE_CODE = YES;
				CLANG_WARN__DUPLICATE_METHOD_MATCH = YES;
				COPY_PHASE_STRIP = NO;
				DEBUG_INFORMATION_FORMAT = dwarf;
				ENABLE_STRICT_OBJC_MSGSEND = YES;
				ENABLE_TESTABILITY = YES;
				ENABLE_USER_SCRIPT_SANDBOXING = YES;
				GCC_C_LANGUAGE_STANDARD = gnu17;
				GCC_DYNAMIC_NO_PIC = NO;
				GCC_NO_COMMON_BLOCKS = YES;
				GCC_OPTIMIZATION_LEVEL = 0;
				GCC_PREPROCESSOR_DEFINITIONS = (
					"DEBUG=1",
					"$(inherited)",
				);
				GCC_WARN_64_TO_32_BIT_CONVERSION = YES;
				GCC_WARN_ABOUT_RETURN_TYPE = YES_ERROR;
				GCC_WARN_UNDECLARED_SELECTOR = YES;
				GCC_WARN_UNINITIALIZED_AUTOS = YES_AGGRESSIVE;
				GCC_WARN_UNUSED_FUNCTION = YES;
				GCC_WARN_UNUSED_VARIABLE = YES;
				LOCALIZATION_PREFERS_STRING_CATALOGS = YES;
				MTL_ENABLE_DEBUG_INFO = INCLUDE_SOURCE;
				MTL_FAST_MATH = YES;
				ONLY_ACTIVE_ARCH = YES;
				SWIFT_ACTIVE_COMPILATION_CONDITIONS = "DEBUG $(inherited)";
				SWIFT_OPTIMIZATION_LEVEL = "-Onone";
			};
			name = Debug;
		};
		C8C74EFF2BDC40B60018822E /* Release */ = {
			isa = XCBuildConfiguration;
			buildSettings = {
				ALWAYS_SEARCH_USER_PATHS = NO;
				ASSETCATALOG_COMPILER_GENERATE_SWIFT_ASSET_SYMBOL_EXTENSIONS = YES;
				CLANG_ANALYZER_NONNULL = YES;
				CLANG_ANALYZER_NUMBER_OBJECT_CONVERSION = YES_AGGRESSIVE;
				CLANG_CXX_LANGUAGE_STANDARD = "gnu++20";
				CLANG_ENABLE_MODULES = YES;
				CLANG_ENABLE_OBJC_ARC = YES;
				CLANG_ENABLE_OBJC_WEAK = YES;
				CLANG_WARN_BLOCK_CAPTURE_AUTORELEASING = YES;
				CLANG_WARN_BOOL_CONVERSION = YES;
				CLANG_WARN_COMMA = YES;
				CLANG_WARN_CONSTANT_CONVERSION = YES;
				CLANG_WARN_DEPRECATED_OBJC_IMPLEMENTATIONS = YES;
				CLANG_WARN_DIRECT_OBJC_ISA_USAGE = YES_ERROR;
				CLANG_WARN_DOCUMENTATION_COMMENTS = YES;
				CLANG_WARN_EMPTY_BODY = YES;
				CLANG_WARN_ENUM_CONVERSION = YES;
				CLANG_WARN_INFINITE_RECURSION = YES;
				CLANG_WARN_INT_CONVERSION = YES;
				CLANG_WARN_NON_LITERAL_NULL_CONVERSION = YES;
				CLANG_WARN_OBJC_IMPLICIT_RETAIN_SELF = YES;
				CLANG_WARN_OBJC_LITERAL_CONVERSION = YES;
				CLANG_WARN_OBJC_ROOT_CLASS = YES_ERROR;
				CLANG_WARN_QUOTED_INCLUDE_IN_FRAMEWORK_HEADER = YES;
				CLANG_WARN_RANGE_LOOP_ANALYSIS = YES;
				CLANG_WARN_STRICT_PROTOTYPES = YES;
				CLANG_WARN_SUSPICIOUS_MOVE = YES;
				CLANG_WARN_UNGUARDED_AVAILABILITY = YES_AGGRESSIVE;
				CLANG_WARN_UNREACHABLE_CODE = YES;
				CLANG_WARN__DUPLICATE_METHOD_MATCH = YES;
				COPY_PHASE_STRIP = NO;
				DEBUG_INFORMATION_FORMAT = "dwarf-with-dsym";
				ENABLE_NS_ASSERTIONS = NO;
				ENABLE_STRICT_OBJC_MSGSEND = YES;
				ENABLE_USER_SCRIPT_SANDBOXING = YES;
				GCC_C_LANGUAGE_STANDARD = gnu17;
				GCC_NO_COMMON_BLOCKS = YES;
				GCC_WARN_64_TO_32_BIT_CONVERSION = YES;
				GCC_WARN_ABOUT_RETURN_TYPE = YES_ERROR;
				GCC_WARN_UNDECLARED_SELECTOR = YES;
				GCC_WARN_UNINITIALIZED_AUTOS = YES_AGGRESSIVE;
				GCC_WARN_UNUSED_FUNCTION = YES;
				GCC_WARN_UNUSED_VARIABLE = YES;
				LOCALIZATION_PREFERS_STRING_CATALOGS = YES;
				MTL_ENABLE_DEBUG_INFO = NO;
				MTL_FAST_MATH = YES;
				SWIFT_COMPILATION_MODE = wholemodule;
			};
			name = Release;
		};
		C8C74F012BDC40B60018822E /* Debug */ = {
			isa = XCBuildConfiguration;
			buildSettings = {
				ASSETCATALOG_COMPILER_APPICON_NAME = AppIcon;
				ASSETCATALOG_COMPILER_GLOBAL_ACCENT_COLOR_NAME = AccentColor;
				CODE_SIGN_ENTITLEMENTS = cashdine1/cashdine1.entitlements;
				CODE_SIGN_STYLE = Automatic;
				CURRENT_PROJECT_VERSION = 1;
				DEVELOPMENT_ASSET_PATHS = "\"cashdine1/Preview Content\"";
				DEVELOPMENT_TEAM = 49758TNY55;
				ENABLE_HARDENED_RUNTIME = YES;
				ENABLE_PREVIEWS = YES;
				GENERATE_INFOPLIST_FILE = YES;
				"INFOPLIST_KEY_UIApplicationSceneManifest_Generation[sdk=iphoneos*]" = YES;
				"INFOPLIST_KEY_UIApplicationSceneManifest_Generation[sdk=iphonesimulator*]" = YES;
				"INFOPLIST_KEY_UIApplicationSupportsIndirectInputEvents[sdk=iphoneos*]" = YES;
				"INFOPLIST_KEY_UIApplicationSupportsIndirectInputEvents[sdk=iphonesimulator*]" = YES;
				"INFOPLIST_KEY_UILaunchScreen_Generation[sdk=iphoneos*]" = YES;
				"INFOPLIST_KEY_UILaunchScreen_Generation[sdk=iphonesimulator*]" = YES;
				"INFOPLIST_KEY_UIStatusBarStyle[sdk=iphoneos*]" = UIStatusBarStyleDefault;
				"INFOPLIST_KEY_UIStatusBarStyle[sdk=iphonesimulator*]" = UIStatusBarStyleDefault;
				INFOPLIST_KEY_UISupportedInterfaceOrientations_iPad = "UIInterfaceOrientationPortrait UIInterfaceOrientationPortraitUpsideDown UIInterfaceOrientationLandscapeLeft UIInterfaceOrientationLandscapeRight";
				INFOPLIST_KEY_UISupportedInterfaceOrientations_iPhone = "UIInterfaceOrientationPortrait UIInterfaceOrientationLandscapeLeft UIInterfaceOrientationLandscapeRight";
				IPHONEOS_DEPLOYMENT_TARGET = 17.4;
				LD_RUNPATH_SEARCH_PATHS = "@executable_path/Frameworks";
				"LD_RUNPATH_SEARCH_PATHS[sdk=macosx*]" = "@executable_path/../Frameworks";
				MACOSX_DEPLOYMENT_TARGET = 14.3;
				MARKETING_VERSION = 1.0;
				PRODUCT_BUNDLE_IDENTIFIER = vs.cashdine1;
				PRODUCT_NAME = "$(TARGET_NAME)";
				SDKROOT = auto;
				SUPPORTED_PLATFORMS = "iphoneos iphonesimulator macosx";
				SWIFT_EMIT_LOC_STRINGS = YES;
				SWIFT_VERSION = 5.0;
				TARGETED_DEVICE_FAMILY = "1,2";
			};
			name = Debug;
		};
		C8C74F022BDC40B60018822E /* Release */ = {
			isa = XCBuildConfiguration;
			buildSettings = {
				ASSETCATALOG_COMPILER_APPICON_NAME = AppIcon;
				ASSETCATALOG_COMPILER_GLOBAL_ACCENT_COLOR_NAME = AccentColor;
				CODE_SIGN_ENTITLEMENTS = cashdine1/cashdine1.entitlements;
				CODE_SIGN_STYLE = Automatic;
				CURRENT_PROJECT_VERSION = 1;
				DEVELOPMENT_ASSET_PATHS = "\"cashdine1/Preview Content\"";
				DEVELOPMENT_TEAM = 49758TNY55;
				ENABLE_HARDENED_RUNTIME = YES;
				ENABLE_PREVIEWS = YES;
				GENERATE_INFOPLIST_FILE = YES;
				"INFOPLIST_KEY_UIApplicationSceneManifest_Generation[sdk=iphoneos*]" = YES;
				"INFOPLIST_KEY_UIApplicationSceneManifest_Generation[sdk=iphonesimulator*]" = YES;
				"INFOPLIST_KEY_UIApplicationSupportsIndirectInputEvents[sdk=iphoneos*]" = YES;
				"INFOPLIST_KEY_UIApplicationSupportsIndirectInputEvents[sdk=iphonesimulator*]" = YES;
				"INFOPLIST_KEY_UILaunchScreen_Generation[sdk=iphoneos*]" = YES;
				"INFOPLIST_KEY_UILaunchScreen_Generation[sdk=iphonesimulator*]" = YES;
				"INFOPLIST_KEY_UIStatusBarStyle[sdk=iphoneos*]" = UIStatusBarStyleDefault;
				"INFOPLIST_KEY_UIStatusBarStyle[sdk=iphonesimulator*]" = UIStatusBarStyleDefault;
				INFOPLIST_KEY_UISupportedInterfaceOrientations_iPad = "UIInterfaceOrientationPortrait UIInterfaceOrientationPortraitUpsideDown UIInterfaceOrientationLandscapeLeft UIInterfaceOrientationLandscapeRight";
				INFOPLIST_KEY_UISupportedInterfaceOrientations_iPhone = "UIInterfaceOrientationPortrait UIInterfaceOrientationLandscapeLeft UIInterfaceOrientationLandscapeRight";
				IPHONEOS_DEPLOYMENT_TARGET = 17.4;
				LD_RUNPATH_SEARCH_PATHS = "@executable_path/Frameworks";
				"LD_RUNPATH_SEARCH_PATHS[sdk=macosx*]" = "@executable_path/../Frameworks";
				MACOSX_DEPLOYMENT_TARGET = 14.3;
				MARKETING_VERSION = 1.0;
				PRODUCT_BUNDLE_IDENTIFIER = vs.cashdine1;
				PRODUCT_NAME = "$(TARGET_NAME)";
				SDKROOT = auto;
				SUPPORTED_PLATFORMS = "iphoneos iphonesimulator macosx";
				SWIFT_EMIT_LOC_STRINGS = YES;
				SWIFT_VERSION = 5.0;
				TARGETED_DEVICE_FAMILY = "1,2";
			};
			name = Release;
		};
		C8C74F042BDC40B60018822E /* Debug */ = {
			isa = XCBuildConfiguration;
			buildSettings = {
				ALWAYS_EMBED_SWIFT_STANDARD_LIBRARIES = YES;
				BUNDLE_LOADER = "$(TEST_HOST)";
				CODE_SIGN_STYLE = Automatic;
				CURRENT_PROJECT_VERSION = 1;
				DEVELOPMENT_TEAM = 49758TNY55;
				GENERATE_INFOPLIST_FILE = YES;
				IPHONEOS_DEPLOYMENT_TARGET = 17.4;
				MACOSX_DEPLOYMENT_TARGET = 14.3;
				MARKETING_VERSION = 1.0;
				PRODUCT_BUNDLE_IDENTIFIER = vs.cashdine1Tests;
				PRODUCT_NAME = "$(TARGET_NAME)";
				SDKROOT = auto;
				SUPPORTED_PLATFORMS = "iphoneos iphonesimulator macosx";
				SWIFT_EMIT_LOC_STRINGS = NO;
				SWIFT_VERSION = 5.0;
				TARGETED_DEVICE_FAMILY = "1,2";
				TEST_HOST = "$(BUILT_PRODUCTS_DIR)/cashdine1.app/$(BUNDLE_EXECUTABLE_FOLDER_PATH)/cashdine1";
			};
			name = Debug;
		};
		C8C74F052BDC40B60018822E /* Release */ = {
			isa = XCBuildConfiguration;
			buildSettings = {
				ALWAYS_EMBED_SWIFT_STANDARD_LIBRARIES = YES;
				BUNDLE_LOADER = "$(TEST_HOST)";
				CODE_SIGN_STYLE = Automatic;
				CURRENT_PROJECT_VERSION = 1;
				DEVELOPMENT_TEAM = 49758TNY55;
				GENERATE_INFOPLIST_FILE = YES;
				IPHONEOS_DEPLOYMENT_TARGET = 17.4;
				MACOSX_DEPLOYMENT_TARGET = 14.3;
				MARKETING_VERSION = 1.0;
				PRODUCT_BUNDLE_IDENTIFIER = vs.cashdine1Tests;
				PRODUCT_NAME = "$(TARGET_NAME)";
				SDKROOT = auto;
				SUPPORTED_PLATFORMS = "iphoneos iphonesimulator macosx";
				SWIFT_EMIT_LOC_STRINGS = NO;
				SWIFT_VERSION = 5.0;
				TARGETED_DEVICE_FAMILY = "1,2";
				TEST_HOST = "$(BUILT_PRODUCTS_DIR)/cashdine1.app/$(BUNDLE_EXECUTABLE_FOLDER_PATH)/cashdine1";
			};
			name = Release;
		};
		C8C74F072BDC40B60018822E /* Debug */ = {
			isa = XCBuildConfiguration;
			buildSettings = {
				ALWAYS_EMBED_SWIFT_STANDARD_LIBRARIES = YES;
				CODE_SIGN_STYLE = Automatic;
				CURRENT_PROJECT_VERSION = 1;
				DEVELOPMENT_TEAM = 49758TNY55;
				GENERATE_INFOPLIST_FILE = YES;
				IPHONEOS_DEPLOYMENT_TARGET = 17.4;
				MACOSX_DEPLOYMENT_TARGET = 14.3;
				MARKETING_VERSION = 1.0;
				PRODUCT_BUNDLE_IDENTIFIER = vs.cashdine1UITests;
				PRODUCT_NAME = "$(TARGET_NAME)";
				SDKROOT = auto;
				SUPPORTED_PLATFORMS = "iphoneos iphonesimulator macosx";
				SWIFT_EMIT_LOC_STRINGS = NO;
				SWIFT_VERSION = 5.0;
				TARGETED_DEVICE_FAMILY = "1,2";
				TEST_TARGET_NAME = cashdine1;
			};
			name = Debug;
		};
		C8C74F082BDC40B60018822E /* Release */ = {
			isa = XCBuildConfiguration;
			buildSettings = {
				ALWAYS_EMBED_SWIFT_STANDARD_LIBRARIES = YES;
				CODE_SIGN_STYLE = Automatic;
				CURRENT_PROJECT_VERSION = 1;
				DEVELOPMENT_TEAM = 49758TNY55;
				GENERATE_INFOPLIST_FILE = YES;
				IPHONEOS_DEPLOYMENT_TARGET = 17.4;
				MACOSX_DEPLOYMENT_TARGET = 14.3;
				MARKETING_VERSION = 1.0;
				PRODUCT_BUNDLE_IDENTIFIER = vs.cashdine1UITests;
				PRODUCT_NAME = "$(TARGET_NAME)";
				SDKROOT = auto;
				SUPPORTED_PLATFORMS = "iphoneos iphonesimulator macosx";
				SWIFT_EMIT_LOC_STRINGS = NO;
				SWIFT_VERSION = 5.0;
				TARGETED_DEVICE_FAMILY = "1,2";
				TEST_TARGET_NAME = cashdine1;
			};
			name = Release;
		};
/* End XCBuildConfiguration section */

/* Begin XCConfigurationList section */
		C8C74ED62BDC40B50018822E /* Build configuration list for PBXProject "cashdine1" */ = {
			isa = XCConfigurationList;
			buildConfigurations = (
				C8C74EFE2BDC40B60018822E /* Debug */,
				C8C74EFF2BDC40B60018822E /* Release */,
			);
			defaultConfigurationIsVisible = 0;
			defaultConfigurationName = Release;
		};
		C8C74F002BDC40B60018822E /* Build configuration list for PBXNativeTarget "cashdine1" */ = {
			isa = XCConfigurationList;
			buildConfigurations = (
				C8C74F012BDC40B60018822E /* Debug */,
				C8C74F022BDC40B60018822E /* Release */,
			);
			defaultConfigurationIsVisible = 0;
			defaultConfigurationName = Release;
		};
		C8C74F032BDC40B60018822E /* Build configuration list for PBXNativeTarget "cashdine1Tests" */ = {
			isa = XCConfigurationList;
			buildConfigurations = (
				C8C74F042BDC40B60018822E /* Debug */,
				C8C74F052BDC40B60018822E /* Release */,
			);
			defaultConfigurationIsVisible = 0;
			defaultConfigurationName = Release;
		};
		C8C74F062BDC40B60018822E /* Build configuration list for PBXNativeTarget "cashdine1UITests" */ = {
			isa = XCConfigurationList;
			buildConfigurations = (
				C8C74F072BDC40B60018822E /* Debug */,
				C8C74F082BDC40B60018822E /* Release */,
			);
			defaultConfigurationIsVisible = 0;
			defaultConfigurationName = Release;
		};
/* End XCConfigurationList section */
	};
	rootObject = C8C74ED32BDC40B50018822E /* Project object */;
}
